PODS:
  - Flutter (1.0.0)
  - integration_test (0.0.1):
    - Flutter
  - rs_llmings (0.0.1):
    - Flutter

DEPENDENCIES:
  - Flutter (from `Flutter`)
  - integration_test (from `.symlinks/plugins/integration_test/ios`)
  - rs_llmings (from `.symlinks/plugins/rs_llmings/ios`)

EXTERNAL SOURCES:
  Flutter:
    :path: Flutter
  integration_test:
    :path: ".symlinks/plugins/integration_test/ios"
  rs_llmings:
    :path: ".symlinks/plugins/rs_llmings/ios"

SPEC CHECKSUMS:
  Flutter: e0871f40cf51350855a761d2e70bf5af5b9b5de7
  integration_test: 4a889634ef21a45d28d50d622cf412dc6d9f586e
  rs_llmings: a7e26ad0d4f3aac6dbd988988997950969dbfd00

PODFILE CHECKSUM: 4305caec6b40dde0ae97be1573c53de1882a07e5

COCOAPODS: 1.16.2
